PODS:
  - barcode_scan (0.0.1):
    - Flutter
    - MTBBarcodeScanner
  - Flutter (1.0.0)
  - flutter_money_formatter (0.0.1):
    - Flutter
  - MTBBarcodeScanner (5.0.11)
  - "permission_handler (5.1.0+2)":
    - Flutter
  - shared_preferences (0.0.1):
    - Flutter

DEPENDENCIES:
  - barcode_scan (from `.symlinks/plugins/barcode_scan/ios`)
  - Flutter (from `Flutter`)
  - flutter_money_formatter (from `.symlinks/plugins/flutter_money_formatter/ios`)
  - permission_handler (from `.symlinks/plugins/permission_handler/ios`)
  - shared_preferences (from `.symlinks/plugins/shared_preferences/ios`)

SPEC REPOS:
  trunk:
    - MTBBarcodeScanner

EXTERNAL SOURCES:
  barcode_scan:
    :path: ".symlinks/plugins/barcode_scan/ios"
  Flutter:
    :path: Flutter
  flutter_money_formatter:
    :path: ".symlinks/plugins/flutter_money_formatter/ios"
  permission_handler:
    :path: ".symlinks/plugins/permission_handler/ios"
  shared_preferences:
    :path: ".symlinks/plugins/shared_preferences/ios"

SPEC CHECKSUMS:
  barcode_scan: 33f586d02270046fc6559135038b34b5754eaa4f
  Flutter: 434fef37c0980e73bb6479ef766c45957d4b510c
  flutter_money_formatter: d0d18ddc5be333fad8d09964d741b59fa11a91dc
  MTBBarcodeScanner: f453b33c4b7dfe545d8c6484ed744d55671788cb
  permission_handler: ccb20a9fad0ee9b1314a52b70b76b473c5f8dab0
  shared_preferences: af6bfa751691cdc24be3045c43ec037377ada40d

PODFILE CHECKSUM: 961a0996e2493dc9a9020a9c355d473a61eefedc

COCOAPODS: 1.10.1
